PODS:
  - AppAuth (1.7.6):
    - AppAuth/Core (= 1.7.6)
    - AppAuth/ExternalUserAgent (= 1.7.6)
  - AppAuth/Core (1.7.6)
  - AppAuth/ExternalUserAgent (1.7.6):
    - AppAuth/Core
  - Flutter (1.0.0)
  - flutter_appauth (0.0.1):
    - AppAuth (= 1.7.6)
    - Flutter
  - flutter_secure_storage (6.0.0):
    - Flutter
  - kinde_flutter_sdk (0.0.1):
    - Flutter
  - path_provider_foundation (0.0.1):
    - Flutter
    - FlutterMacOS
  - shared_preferences_foundation (0.0.1):
    - Flutter
    - FlutterMacOS
  - url_launcher_ios (0.0.1):
    - Flutter

DEPENDENCIES:
  - Flutter (from `Flutter`)
  - flutter_appauth (from `.symlinks/plugins/flutter_appauth/ios`)
  - flutter_secure_storage (from `.symlinks/plugins/flutter_secure_storage/ios`)
  - kinde_flutter_sdk (from `.symlinks/plugins/kinde_flutter_sdk/ios`)
  - path_provider_foundation (from `.symlinks/plugins/path_provider_foundation/darwin`)
  - shared_preferences_foundation (from `.symlinks/plugins/shared_preferences_foundation/darwin`)
  - url_launcher_ios (from `.symlinks/plugins/url_launcher_ios/ios`)

SPEC REPOS:
  trunk:
    - AppAuth

EXTERNAL SOURCES:
  Flutter:
    :path: Flutter
  flutter_appauth:
    :path: ".symlinks/plugins/flutter_appauth/ios"
  flutter_secure_storage:
    :path: ".symlinks/plugins/flutter_secure_storage/ios"
  kinde_flutter_sdk:
    :path: ".symlinks/plugins/kinde_flutter_sdk/ios"
  path_provider_foundation:
    :path: ".symlinks/plugins/path_provider_foundation/darwin"
  shared_preferences_foundation:
    :path: ".symlinks/plugins/shared_preferences_foundation/darwin"
  url_launcher_ios:
    :path: ".symlinks/plugins/url_launcher_ios/ios"

SPEC CHECKSUMS:
  AppAuth: d4f13a8fe0baf391b2108511793e4b479691fb73
  Flutter: cabc95a1d2626b1b06e7179b784ebcf0c0cde467
  flutter_appauth: 914057fda669db5073d3ca9d94ea932e7df3c964
  flutter_secure_storage: 2c2ff13db9e0a5647389bff88b0ecac56e3f3418
  kinde_flutter_sdk: 9c4e782d1ec933c6593cdd55a9b99087a9085b22
  path_provider_foundation: 2a68637f8a62df7f6e790a428d1bdf72cb4e2d59
  shared_preferences_foundation: 9e1978ff2562383bd5676f64ec4e9aa8fa06a6f7
  url_launcher_ios: 694010445543906933d732453a59da0a173ae33d

PODFILE CHECKSUM: a57f30d18f102dd3ce366b1d62a55ecbef2158e5

COCOAPODS: 1.16.2
