PODS:
  - AppAuth (1.7.6):
    - AppAuth/Core (= 1.7.6)
    - AppAuth/ExternalUserAgent (= 1.7.6)
  - AppAuth/Core (1.7.6)
  - AppAuth/ExternalUserAgent (1.7.6):
    - AppAuth/Core
  - Flutter (1.0.0)
  - flutter_appauth (0.0.1):
    - AppAuth (= 1.7.6)
    - Flutter
  - flutter_secure_storage (6.0.0):
    - Flutter
  - kinde_flutter_sdk (0.0.1):
    - Flutter
  - path_provider_foundation (0.0.1):
    - Flutter
    - FlutterMacOS
  - shared_preferences_foundation (0.0.1):
    - Flutter
    - FlutterMacOS
  - url_launcher_ios (0.0.1):
    - Flutter

DEPENDENCIES:
  - Flutter (from `Flutter`)
  - flutter_appauth (from `.symlinks/plugins/flutter_appauth/ios`)
  - flutter_secure_storage (from `.symlinks/plugins/flutter_secure_storage/ios`)
  - kinde_flutter_sdk (from `.symlinks/plugins/kinde_flutter_sdk/ios`)
  - path_provider_foundation (from `.symlinks/plugins/path_provider_foundation/darwin`)
  - shared_preferences_foundation (from `.symlinks/plugins/shared_preferences_foundation/darwin`)
  - url_launcher_ios (from `.symlinks/plugins/url_launcher_ios/ios`)

SPEC REPOS:
  trunk:
    - AppAuth

EXTERNAL SOURCES:
  Flutter:
    :path: Flutter
  flutter_appauth:
    :path: ".symlinks/plugins/flutter_appauth/ios"
  flutter_secure_storage:
    :path: ".symlinks/plugins/flutter_secure_storage/ios"
  kinde_flutter_sdk:
    :path: ".symlinks/plugins/kinde_flutter_sdk/ios"
  path_provider_foundation:
    :path: ".symlinks/plugins/path_provider_foundation/darwin"
  shared_preferences_foundation:
    :path: ".symlinks/plugins/shared_preferences_foundation/darwin"
  url_launcher_ios:
    :path: ".symlinks/plugins/url_launcher_ios/ios"

SPEC CHECKSUMS:
  AppAuth: d4f13a8fe0baf391b2108511793e4b479691fb73
  Flutter: cabc95a1d2626b1b06e7179b784ebcf0c0cde467
  flutter_appauth: aff60f61e4a80b8b5c051615f00bf8f3b54fc5e8
  flutter_secure_storage: 23fc622d89d073675f2eaa109381aefbcf5a49be
  kinde_flutter_sdk: 6e23dcd6c08118d2f0997e63eb66785c93524d9c
  path_provider_foundation: 0b743cbb62d8e47eab856f09262bb8c1ddcfe6ba
  shared_preferences_foundation: 5086985c1d43c5ba4d5e69a4e8083a389e2909e6
  url_launcher_ios: bb13df5870e8c4234ca12609d04010a21be43dfa

PODFILE CHECKSUM: 3c63482e143d1b91d2d2560aee9fb04ecc74ac7e

COCOAPODS: 1.16.2
