PODS:
  - AppAuth (1.7.4):
    - AppAuth/Core (= 1.7.4)
    - AppAuth/ExternalUserAgent (= 1.7.4)
  - AppAuth/Core (1.7.4)
  - AppAuth/ExternalUserAgent (1.7.4):
    - AppAuth/Core
  - Flutter (1.0.0)
  - flutter_appauth (0.0.1):
    - AppAuth (= 1.7.4)
    - Flutter
  - flutter_custom_tabs_ios (2.0.0):
    - Flutter
  - flutter_inappwebview_ios (0.0.1):
    - Flutter
    - flutter_inappwebview_ios/Core (= 0.0.1)
    - OrderedSet (~> 6.0.3)
  - flutter_inappwebview_ios/Core (0.0.1):
    - Flutter
    - OrderedSet (~> 6.0.3)
  - flutter_secure_storage (6.0.0):
    - Flutter
  - kinde_flutter_sdk (0.0.1):
    - Flutter
  - OrderedSet (6.0.3)
  - path_provider_foundation (0.0.1):
    - Flutter
    - FlutterMacOS
  - shared_preferences_foundation (0.0.1):
    - Flutter
    - FlutterMacOS
  - url_launcher_ios (0.0.1):
    - Flutter

DEPENDENCIES:
  - Flutter (from `Flutter`)
  - flutter_appauth (from `.symlinks/plugins/flutter_appauth/ios`)
  - flutter_custom_tabs_ios (from `.symlinks/plugins/flutter_custom_tabs_ios/ios`)
  - flutter_inappwebview_ios (from `.symlinks/plugins/flutter_inappwebview_ios/ios`)
  - flutter_secure_storage (from `.symlinks/plugins/flutter_secure_storage/ios`)
  - kinde_flutter_sdk (from `.symlinks/plugins/kinde_flutter_sdk/ios`)
  - path_provider_foundation (from `.symlinks/plugins/path_provider_foundation/darwin`)
  - shared_preferences_foundation (from `.symlinks/plugins/shared_preferences_foundation/darwin`)
  - url_launcher_ios (from `.symlinks/plugins/url_launcher_ios/ios`)

SPEC REPOS:
  trunk:
    - AppAuth
    - OrderedSet

EXTERNAL SOURCES:
  Flutter:
    :path: Flutter
  flutter_appauth:
    :path: ".symlinks/plugins/flutter_appauth/ios"
  flutter_custom_tabs_ios:
    :path: ".symlinks/plugins/flutter_custom_tabs_ios/ios"
  flutter_inappwebview_ios:
    :path: ".symlinks/plugins/flutter_inappwebview_ios/ios"
  flutter_secure_storage:
    :path: ".symlinks/plugins/flutter_secure_storage/ios"
  kinde_flutter_sdk:
    :path: ".symlinks/plugins/kinde_flutter_sdk/ios"
  path_provider_foundation:
    :path: ".symlinks/plugins/path_provider_foundation/darwin"
  shared_preferences_foundation:
    :path: ".symlinks/plugins/shared_preferences_foundation/darwin"
  url_launcher_ios:
    :path: ".symlinks/plugins/url_launcher_ios/ios"

SPEC CHECKSUMS:
  AppAuth: 182c5b88630569df5acb672720534756c29b3358
  Flutter: e0871f40cf51350855a761d2e70bf5af5b9b5de7
  flutter_appauth: 1ce438877bc111c5d8f42da47729909290624886
  flutter_custom_tabs_ios: a651b18786388923b62de8c0537607de87c2eccf
  flutter_inappwebview_ios: 6f63631e2c62a7c350263b13fa5427aedefe81d4
  flutter_secure_storage: 23fc622d89d073675f2eaa109381aefbcf5a49be
  kinde_flutter_sdk: fe1209ab4c3aa00374e6f3814e191898d6374f46
  OrderedSet: e539b66b644ff081c73a262d24ad552a69be3a94
  path_provider_foundation: 2b6b4c569c0fb62ec74538f866245ac84301af46
  shared_preferences_foundation: fcdcbc04712aee1108ac7fda236f363274528f78
  url_launcher_ios: 5334b05cef931de560670eeae103fd3e431ac3fe

PODFILE CHECKSUM: 819463e6a0290f5a72f145ba7cde16e8b6ef0796

COCOAPODS: 1.16.2
